// !$*UTF8*$!
{
	archiveVersion = 1;
	classes = {
	};
	objectVersion = 46;
	objects = {

/* Begin PBXBuildFile section */
		75BEF1E41C565380007B55C9 /* MainWindow.cpp in Sources */ = {isa = PBXBuildFile; fileRef = 75BEF1E21C565380007B55C9 /* MainWindow.cpp */; settings = {COMPILER_FLAGS = "-v"; }; };
		75BEF1E61C5653AE007B55C9 /* SDL2.framework in Frameworks */ = {isa = PBXBuildFile; fileRef = 75BEF1E51C5653AE007B55C9 /* SDL2.framework */; };
		75BEF1E71C565408007B55C9 /* MainWindow.h in Sources */ = {isa = PBXBuildFile; fileRef = 75BEF1E31C565380007B55C9 /* MainWindow.h */; };
		AA66C7031BEBAC7C00A25B0A /* tiny_obj_loader.cc in Sources */ = {isa = PBXBuildFile; fileRef = AA66C7011BEBAC7C00A25B0A /* tiny_obj_loader.cc */; };
		AA66C70F1BECBBDB00A25B0A /* fighter.obj in CopyFiles */ = {isa = PBXBuildFile; fileRef = AA66C70D1BECBBD300A25B0A /* fighter.obj */; };
		AA66C7111BECBD9300A25B0A /* fighter.tga in CopyFiles */ = {isa = PBXBuildFile; fileRef = AA66C7101BECBD8F00A25B0A /* fighter.tga */; };
		AA7606431BEA1B2B005A783D /* main.cpp in Sources */ = {isa = PBXBuildFile; fileRef = AA7606421BEA1B2B005A783D /* main.cpp */; };
		AA76064A1BEA31D1005A783D /* OpenGL.framework in Frameworks */ = {isa = PBXBuildFile; fileRef = AA7606491BEA31D1005A783D /* OpenGL.framework */; };
		AA76064D1BEA41E3005A783D /* vertex.vsh in CopyFiles */ = {isa = PBXBuildFile; fileRef = AA76064B1BEA41A6005A783D /* vertex.vsh */; };
		AA76064E1BEA41E3005A783D /* fragment.fsh in CopyFiles */ = {isa = PBXBuildFile; fileRef = AA76064C1BEA41B0005A783D /* fragment.fsh */; };
/* End PBXBuildFile section */

/* Begin PBXCopyFilesBuildPhase section */
		AA76063D1BEA1B2B005A783D /* CopyFiles */ = {
			isa = PBXCopyFilesBuildPhase;
			buildActionMask = 12;
			dstPath = "";
			dstSubfolderSpec = 6;
			files = (
				AA66C70F1BECBBDB00A25B0A /* fighter.obj in CopyFiles */,
				AA76064D1BEA41E3005A783D /* vertex.vsh in CopyFiles */,
				AA76064E1BEA41E3005A783D /* fragment.fsh in CopyFiles */,
				AA66C7111BECBD9300A25B0A /* fighter.tga in CopyFiles */,
			);
			runOnlyForDeploymentPostprocessing = 0;
		};
/* End PBXCopyFilesBuildPhase section */

/* Begin PBXFileReference section */
		75BEF1E21C565380007B55C9 /* MainWindow.cpp */ = {isa = PBXFileReference; fileEncoding = 4; lastKnownFileType = sourcecode.cpp.cpp; path = MainWindow.cpp; sourceTree = "<group>"; };
		75BEF1E31C565380007B55C9 /* MainWindow.h */ = {isa = PBXFileReference; fileEncoding = 4; lastKnownFileType = sourcecode.c.h; path = MainWindow.h; sourceTree = "<group>"; };
		75BEF1E51C5653AE007B55C9 /* SDL2.framework */ = {isa = PBXFileReference; lastKnownFileType = wrapper.framework; name = SDL2.framework; path = ../../../../../Library/Frameworks/SDL2.framework; sourceTree = "<group>"; };
		AA66C6FC1BEB754000A25B0A /* tga.h */ = {isa = PBXFileReference; lastKnownFileType = sourcecode.c.h; path = tga.h; sourceTree = "<group>"; };
		AA66C7011BEBAC7C00A25B0A /* tiny_obj_loader.cc */ = {isa = PBXFileReference; fileEncoding = 4; lastKnownFileType = sourcecode.cpp.cpp; name = tiny_obj_loader.cc; path = tinyobjloader/tiny_obj_loader.cc; sourceTree = "<group>"; };
		AA66C7021BEBAC7C00A25B0A /* tiny_obj_loader.h */ = {isa = PBXFileReference; fileEncoding = 4; lastKnownFileType = sourcecode.c.h; name = tiny_obj_loader.h; path = tinyobjloader/tiny_obj_loader.h; sourceTree = "<group>"; };
		AA66C70D1BECBBD300A25B0A /* fighter.obj */ = {isa = PBXFileReference; fileEncoding = 4; lastKnownFileType = text; path = fighter.obj; sourceTree = "<group>"; };
		AA66C7101BECBD8F00A25B0A /* fighter.tga */ = {isa = PBXFileReference; lastKnownFileType = file; path = fighter.tga; sourceTree = "<group>"; };
		AA76063F1BEA1B2B005A783D /* ProjetoSDL */ = {isa = PBXFileReference; explicitFileType = "compiled.mach-o.executable"; includeInIndex = 0; path = ProjetoSDL; sourceTree = BUILT_PRODUCTS_DIR; };
		AA7606421BEA1B2B005A783D /* main.cpp */ = {isa = PBXFileReference; lastKnownFileType = sourcecode.cpp.cpp; path = main.cpp; sourceTree = "<group>"; };
		AA7606491BEA31D1005A783D /* OpenGL.framework */ = {isa = PBXFileReference; lastKnownFileType = wrapper.framework; name = OpenGL.framework; path = System/Library/Frameworks/OpenGL.framework; sourceTree = SDKROOT; };
		AA76064B1BEA41A6005A783D /* vertex.vsh */ = {isa = PBXFileReference; fileEncoding = 4; lastKnownFileType = sourcecode.glsl; path = vertex.vsh; sourceTree = "<group>"; };
		AA76064C1BEA41B0005A783D /* fragment.fsh */ = {isa = PBXFileReference; fileEncoding = 4; lastKnownFileType = sourcecode.glsl; path = fragment.fsh; sourceTree = "<group>"; };
/* End PBXFileReference section */

/* Begin PBXFrameworksBuildPhase section */
		AA76063C1BEA1B2B005A783D /* Frameworks */ = {
			isa = PBXFrameworksBuildPhase;
			buildActionMask = 2147483647;
			files = (
				75BEF1E61C5653AE007B55C9 /* SDL2.framework in Frameworks */,
				AA76064A1BEA31D1005A783D /* OpenGL.framework in Frameworks */,
			);
			runOnlyForDeploymentPostprocessing = 0;
		};
/* End PBXFrameworksBuildPhase section */

/* Begin PBXGroup section */
		AA66C7001BEBAC6800A25B0A /* tinyobjloader */ = {
			isa = PBXGroup;
			children = (
				AA66C7011BEBAC7C00A25B0A /* tiny_obj_loader.cc */,
				AA66C7021BEBAC7C00A25B0A /* tiny_obj_loader.h */,
			);
			name = tinyobjloader;
			sourceTree = "<group>";
		};
		AA7606361BEA1B2B005A783D = {
			isa = PBXGroup;
			children = (
				75BEF1E51C5653AE007B55C9 /* SDL2.framework */,
				AA7606411BEA1B2B005A783D /* ProjetoSDL */,
				AA7606491BEA31D1005A783D /* OpenGL.framework */,
				AA66C7001BEBAC6800A25B0A /* tinyobjloader */,
				AA7606401BEA1B2B005A783D /* Products */,
			);
			sourceTree = "<group>";
		};
		AA7606401BEA1B2B005A783D /* Products */ = {
			isa = PBXGroup;
			children = (
				AA76063F1BEA1B2B005A783D /* ProjetoSDL */,
			);
			name = Products;
			sourceTree = "<group>";
		};
		AA7606411BEA1B2B005A783D /* ProjetoSDL */ = {
			isa = PBXGroup;
			children = (
				75BEF1E21C565380007B55C9 /* MainWindow.cpp */,
				75BEF1E31C565380007B55C9 /* MainWindow.h */,
				AA66C7101BECBD8F00A25B0A /* fighter.tga */,
				AA66C70D1BECBBD300A25B0A /* fighter.obj */,
				AA7606421BEA1B2B005A783D /* main.cpp */,
				AA76064B1BEA41A6005A783D /* vertex.vsh */,
				AA76064C1BEA41B0005A783D /* fragment.fsh */,
				AA66C6FC1BEB754000A25B0A /* tga.h */,
			);
			path = ProjetoSDL;
			sourceTree = "<group>";
		};
/* End PBXGroup section */

/* Begin PBXNativeTarget section */
		AA76063E1BEA1B2B005A783D /* ProjetoSDL */ = {
			isa = PBXNativeTarget;
			buildConfigurationList = AA7606461BEA1B2B005A783D /* Build configuration list for PBXNativeTarget "ProjetoSDL" */;
			buildPhases = (
				AA76063B1BEA1B2B005A783D /* Sources */,
				AA76063C1BEA1B2B005A783D /* Frameworks */,
				AA76063D1BEA1B2B005A783D /* CopyFiles */,
			);
			buildRules = (
			);
			dependencies = (
			);
			name = ProjetoSDL;
			productName = ProjetoSDL;
			productReference = AA76063F1BEA1B2B005A783D /* ProjetoSDL */;
			productType = "com.apple.product-type.tool";
		};
/* End PBXNativeTarget section */

/* Begin PBXProject section */
		AA7606371BEA1B2B005A783D /* Project object */ = {
			isa = PBXProject;
			attributes = {
				LastUpgradeCheck = 0710;
				ORGANIZATIONNAME = Lemonade;
				TargetAttributes = {
					AA76063E1BEA1B2B005A783D = {
						CreatedOnToolsVersion = 7.1;
					};
				};
			};
			buildConfigurationList = AA76063A1BEA1B2B005A783D /* Build configuration list for PBXProject "ProjetoSDL" */;
			compatibilityVersion = "Xcode 3.2";
			developmentRegion = English;
			hasScannedForEncodings = 0;
			knownRegions = (
				en,
			);
			mainGroup = AA7606361BEA1B2B005A783D;
			productRefGroup = AA7606401BEA1B2B005A783D /* Products */;
			projectDirPath = "";
			projectRoot = "";
			targets = (
				AA76063E1BEA1B2B005A783D /* ProjetoSDL */,
			);
		};
/* End PBXProject section */

/* Begin PBXSourcesBuildPhase section */
		AA76063B1BEA1B2B005A783D /* Sources */ = {
			isa = PBXSourcesBuildPhase;
			buildActionMask = 2147483647;
			files = (
				75BEF1E71C565408007B55C9 /* MainWindow.h in Sources */,
				75BEF1E41C565380007B55C9 /* MainWindow.cpp in Sources */,
				AA66C7031BEBAC7C00A25B0A /* tiny_obj_loader.cc in Sources */,
				AA7606431BEA1B2B005A783D /* main.cpp in Sources */,
			);
			runOnlyForDeploymentPostprocessing = 0;
		};
/* End PBXSourcesBuildPhase section */

/* Begin XCBuildConfiguration section */
		AA7606441BEA1B2B005A783D /* Debug */ = {
			isa = XCBuildConfiguration;
			buildSettings = {
				ALWAYS_SEARCH_USER_PATHS = NO;
				CLANG_CXX_LANGUAGE_STANDARD = "gnu++0x";
				CLANG_CXX_LIBRARY = "libc++";
				CLANG_ENABLE_MODULES = YES;
				CLANG_ENABLE_OBJC_ARC = YES;
				CLANG_WARN_BOOL_CONVERSION = YES;
				CLANG_WARN_CONSTANT_CONVERSION = YES;
				CLANG_WARN_DIRECT_OBJC_ISA_USAGE = YES_ERROR;
				CLANG_WARN_EMPTY_BODY = YES;
				CLANG_WARN_ENUM_CONVERSION = YES;
				CLANG_WARN_INT_CONVERSION = YES;
				CLANG_WARN_OBJC_ROOT_CLASS = YES_ERROR;
				CLANG_WARN_UNREACHABLE_CODE = YES;
				CLANG_WARN__DUPLICATE_METHOD_MATCH = YES;
				CODE_SIGN_IDENTITY = "-";
				COPY_PHASE_STRIP = NO;
				DEBUG_INFORMATION_FORMAT = dwarf;
				ENABLE_STRICT_OBJC_MSGSEND = YES;
				ENABLE_TESTABILITY = YES;
				GCC_C_LANGUAGE_STANDARD = gnu99;
				GCC_DYNAMIC_NO_PIC = NO;
				GCC_NO_COMMON_BLOCKS = YES;
				GCC_OPTIMIZATION_LEVEL = 0;
				GCC_PREPROCESSOR_DEFINITIONS = (
					"DEBUG=1",
					"$(inherited)",
				);
				GCC_WARN_64_TO_32_BIT_CONVERSION = YES;
				GCC_WARN_ABOUT_RETURN_TYPE = YES_ERROR;
				GCC_WARN_UNDECLARED_SELECTOR = YES;
				GCC_WARN_UNINITIALIZED_AUTOS = YES_AGGRESSIVE;
				GCC_WARN_UNUSED_FUNCTION = YES;
				GCC_WARN_UNUSED_VARIABLE = YES;
				MACOSX_DEPLOYMENT_TARGET = 10.10;
				MTL_ENABLE_DEBUG_INFO = YES;
				ONLY_ACTIVE_ARCH = YES;
				SDKROOT = macosx;
			};
			name = Debug;
		};
		AA7606451BEA1B2B005A783D /* Release */ = {
			isa = XCBuildConfiguration;
			buildSettings = {
				ALWAYS_SEARCH_USER_PATHS = NO;
				CLANG_CXX_LANGUAGE_STANDARD = "gnu++0x";
				CLANG_CXX_LIBRARY = "libc++";
				CLANG_ENABLE_MODULES = YES;
				CLANG_ENABLE_OBJC_ARC = YES;
				CLANG_WARN_BOOL_CONVERSION = YES;
				CLANG_WARN_CONSTANT_CONVERSION = YES;
				CLANG_WARN_DIRECT_OBJC_ISA_USAGE = YES_ERROR;
				CLANG_WARN_EMPTY_BODY = YES;
				CLANG_WARN_ENUM_CONVERSION = YES;
				CLANG_WARN_INT_CONVERSION = YES;
				CLANG_WARN_OBJC_ROOT_CLASS = YES_ERROR;
				CLANG_WARN_UNREACHABLE_CODE = YES;
				CLANG_WARN__DUPLICATE_METHOD_MATCH = YES;
				CODE_SIGN_IDENTITY = "-";
				COPY_PHASE_STRIP = NO;
				DEBUG_INFORMATION_FORMAT = "dwarf-with-dsym";
				ENABLE_NS_ASSERTIONS = NO;
				ENABLE_STRICT_OBJC_MSGSEND = YES;
				GCC_C_LANGUAGE_STANDARD = gnu99;
				GCC_NO_COMMON_BLOCKS = YES;
				GCC_WARN_64_TO_32_BIT_CONVERSION = YES;
				GCC_WARN_ABOUT_RETURN_TYPE = YES_ERROR;
				GCC_WARN_UNDECLARED_SELECTOR = YES;
				GCC_WARN_UNINITIALIZED_AUTOS = YES_AGGRESSIVE;
				GCC_WARN_UNUSED_FUNCTION = YES;
				GCC_WARN_UNUSED_VARIABLE = YES;
				MACOSX_DEPLOYMENT_TARGET = 10.10;
				MTL_ENABLE_DEBUG_INFO = NO;
				SDKROOT = macosx;
			};
			name = Release;
		};
		AA7606471BEA1B2B005A783D /* Debug */ = {
			isa = XCBuildConfiguration;
			buildSettings = {
				ALWAYS_SEARCH_USER_PATHS = YES;
				FRAMEWORK_SEARCH_PATHS = (
					"$(inherited)",
					"$(LOCAL_LIBRARY_DIR)/Frameworks",
					"$(PROJECT_DIR)",
					"$(PROJECT_DIR)/sdl",
				);
				HEADER_SEARCH_PATHS = (
					/opt/local/include,
					"$(PROJECT_DIR)/mathfu/include",
					"$(PROJECT_DIR)/vectorial/include",
					"$(PROJECT_DIR)/ProjetoSDL",
					"$(PROJECT_DIR)/**",
				);
				LIBRARY_SEARCH_PATHS = (
					/opt/local/lib,
					"$(LOCAL_LIBRARY_DIR)/Frameworks/SDL2.framework/Versions/A",
					"$(PROJECT_DIR)/**",
				);
				OTHER_LDFLAGS = "";
				PRODUCT_NAME = "$(TARGET_NAME)";
			};
			name = Debug;
		};
		AA7606481BEA1B2B005A783D /* Release */ = {
			isa = XCBuildConfiguration;
			buildSettings = {
				FRAMEWORK_SEARCH_PATHS = (
					"$(inherited)",
					"$(LOCAL_LIBRARY_DIR)/Frameworks",
					"$(PROJECT_DIR)",
					"$(PROJECT_DIR)/sdl",
				);
				HEADER_SEARCH_PATHS = (
					/opt/local/include,
					"$(PROJECT_DIR)/mathfu/include",
					"$(PROJECT_DIR)/vectorial/include",
					"$(PROJECT_DIR)/ProjetoSDL",
					"$(PROJECT_DIR)/**",
				);
				LIBRARY_SEARCH_PATHS = (
					/opt/local/lib,
					"$(LOCAL_LIBRARY_DIR)/Frameworks/SDL2.framework/Versions/A",
					"$(PROJECT_DIR)/**",
				);
				OTHER_LDFLAGS = "";
				PRODUCT_NAME = "$(TARGET_NAME)";
			};
			name = Release;
		};
/* End XCBuildConfiguration section */

/* Begin XCConfigurationList section */
		AA76063A1BEA1B2B005A783D /* Build configuration list for PBXProject "ProjetoSDL" */ = {
			isa = XCConfigurationList;
			buildConfigurations = (
				AA7606441BEA1B2B005A783D /* Debug */,
				AA7606451BEA1B2B005A783D /* Release */,
			);
			defaultConfigurationIsVisible = 0;
			defaultConfigurationName = Release;
		};
		AA7606461BEA1B2B005A783D /* Build configuration list for PBXNativeTarget "ProjetoSDL" */ = {
			isa = XCConfigurationList;
			buildConfigurations = (
				AA7606471BEA1B2B005A783D /* Debug */,
				AA7606481BEA1B2B005A783D /* Release */,
			);
			defaultConfigurationIsVisible = 0;
			defaultConfigurationName = Release;
		};
/* End XCConfigurationList section */
	};
	rootObject = AA7606371BEA1B2B005A783D /* Project object */;
}
